// !$*UTF8*$!
{
	archiveVersion = 1;
	classes = {
	};
	objectVersion = 50;
	objects = {

/* Begin PBXBuildFile section */
		1452086A25C40C91000917D0 /* AppDelegate.swift in Sources */ = {isa = PBXBuildFile; fileRef = 1452086925C40C91000917D0 /* AppDelegate.swift */; };
		1452086C25C40C91000917D0 /* SceneDelegate.swift in Sources */ = {isa = PBXBuildFile; fileRef = 1452086B25C40C91000917D0 /* SceneDelegate.swift */; };
		1452087125C40C91000917D0 /* Main.storyboard in Resources */ = {isa = PBXBuildFile; fileRef = 1452086F25C40C91000917D0 /* Main.storyboard */; };
		1452087325C40CA0000917D0 /* Assets.xcassets in Resources */ = {isa = PBXBuildFile; fileRef = 1452087225C40CA0000917D0 /* Assets.xcassets */; };
		1452087625C40CA0000917D0 /* LaunchScreen.storyboard in Resources */ = {isa = PBXBuildFile; fileRef = 1452087425C40CA0000917D0 /* LaunchScreen.storyboard */; };
		1452088125C40CA0000917D0 /* ui_iOSappTests.swift in Sources */ = {isa = PBXBuildFile; fileRef = 1452088025C40CA0000917D0 /* ui_iOSappTests.swift */; };
		1452088C25C40CA0000917D0 /* ui_iOSappUITests.swift in Sources */ = {isa = PBXBuildFile; fileRef = 1452088B25C40CA0000917D0 /* ui_iOSappUITests.swift */; };
		145208AB25C41F49000917D0 /* LoginFormController.swift in Sources */ = {isa = PBXBuildFile; fileRef = 145208AA25C41F49000917D0 /* LoginFormController.swift */; };
/* End PBXBuildFile section */

/* Begin PBXContainerItemProxy section */
		1452087D25C40CA0000917D0 /* PBXContainerItemProxy */ = {
			isa = PBXContainerItemProxy;
			containerPortal = 1452085E25C40C91000917D0 /* Project object */;
			proxyType = 1;
			remoteGlobalIDString = 1452086525C40C91000917D0;
			remoteInfo = ui_iOSapp;
		};
		1452088825C40CA0000917D0 /* PBXContainerItemProxy */ = {
			isa = PBXContainerItemProxy;
			containerPortal = 1452085E25C40C91000917D0 /* Project object */;
			proxyType = 1;
			remoteGlobalIDString = 1452086525C40C91000917D0;
			remoteInfo = ui_iOSapp;
		};
/* End PBXContainerItemProxy section */

/* Begin PBXFileReference section */
		1452086625C40C91000917D0 /* ui_iOSapp.app */ = {isa = PBXFileReference; explicitFileType = wrapper.application; includeInIndex = 0; path = ui_iOSapp.app; sourceTree = BUILT_PRODUCTS_DIR; };
		1452086925C40C91000917D0 /* AppDelegate.swift */ = {isa = PBXFileReference; lastKnownFileType = sourcecode.swift; path = AppDelegate.swift; sourceTree = "<group>"; };
		1452086B25C40C91000917D0 /* SceneDelegate.swift */ = {isa = PBXFileReference; lastKnownFileType = sourcecode.swift; path = SceneDelegate.swift; sourceTree = "<group>"; };
		1452087025C40C91000917D0 /* Base */ = {isa = PBXFileReference; lastKnownFileType = file.storyboard; name = Base; path = Base.lproj/Main.storyboard; sourceTree = "<group>"; };
		1452087225C40CA0000917D0 /* Assets.xcassets */ = {isa = PBXFileReference; lastKnownFileType = folder.assetcatalog; path = Assets.xcassets; sourceTree = "<group>"; };
		1452087525C40CA0000917D0 /* Base */ = {isa = PBXFileReference; lastKnownFileType = file.storyboard; name = Base; path = Base.lproj/LaunchScreen.storyboard; sourceTree = "<group>"; };
		1452087725C40CA0000917D0 /* Info.plist */ = {isa = PBXFileReference; lastKnownFileType = text.plist.xml; path = Info.plist; sourceTree = "<group>"; };
		1452087C25C40CA0000917D0 /* ui_iOSappTests.xctest */ = {isa = PBXFileReference; explicitFileType = wrapper.cfbundle; includeInIndex = 0; path = ui_iOSappTests.xctest; sourceTree = BUILT_PRODUCTS_DIR; };
		1452088025C40CA0000917D0 /* ui_iOSappTests.swift */ = {isa = PBXFileReference; lastKnownFileType = sourcecode.swift; path = ui_iOSappTests.swift; sourceTree = "<group>"; };
		1452088225C40CA0000917D0 /* Info.plist */ = {isa = PBXFileReference; lastKnownFileType = text.plist.xml; path = Info.plist; sourceTree = "<group>"; };
		1452088725C40CA0000917D0 /* ui_iOSappUITests.xctest */ = {isa = PBXFileReference; explicitFileType = wrapper.cfbundle; includeInIndex = 0; path = ui_iOSappUITests.xctest; sourceTree = BUILT_PRODUCTS_DIR; };
		1452088B25C40CA0000917D0 /* ui_iOSappUITests.swift */ = {isa = PBXFileReference; lastKnownFileType = sourcecode.swift; path = ui_iOSappUITests.swift; sourceTree = "<group>"; };
		1452088D25C40CA0000917D0 /* Info.plist */ = {isa = PBXFileReference; lastKnownFileType = text.plist.xml; path = Info.plist; sourceTree = "<group>"; };
		145208AA25C41F49000917D0 /* LoginFormController.swift */ = {isa = PBXFileReference; lastKnownFileType = sourcecode.swift; path = LoginFormController.swift; sourceTree = "<group>"; };
/* End PBXFileReference section */

/* Begin PBXFrameworksBuildPhase section */
		1452086325C40C91000917D0 /* Frameworks */ = {
			isa = PBXFrameworksBuildPhase;
			buildActionMask = 2147483647;
			files = (
			);
			runOnlyForDeploymentPostprocessing = 0;
		};
		1452087925C40CA0000917D0 /* Frameworks */ = {
			isa = PBXFrameworksBuildPhase;
			buildActionMask = 2147483647;
			files = (
			);
			runOnlyForDeploymentPostprocessing = 0;
		};
		1452088425C40CA0000917D0 /* Frameworks */ = {
			isa = PBXFrameworksBuildPhase;
			buildActionMask = 2147483647;
			files = (
			);
			runOnlyForDeploymentPostprocessing = 0;
		};
/* End PBXFrameworksBuildPhase section */

/* Begin PBXGroup section */
		1452085D25C40C91000917D0 = {
			isa = PBXGroup;
			children = (
				1452086825C40C91000917D0 /* ui_iOSapp */,
				1452087F25C40CA0000917D0 /* ui_iOSappTests */,
				1452088A25C40CA0000917D0 /* ui_iOSappUITests */,
				1452086725C40C91000917D0 /* Products */,
			);
			sourceTree = "<group>";
		};
		1452086725C40C91000917D0 /* Products */ = {
			isa = PBXGroup;
			children = (
				1452086625C40C91000917D0 /* ui_iOSapp.app */,
				1452087C25C40CA0000917D0 /* ui_iOSappTests.xctest */,
				1452088725C40CA0000917D0 /* ui_iOSappUITests.xctest */,
			);
			name = Products;
			sourceTree = "<group>";
		};
		1452086825C40C91000917D0 /* ui_iOSapp */ = {
			isa = PBXGroup;
			children = (
				1452086925C40C91000917D0 /* AppDelegate.swift */,
				1452086B25C40C91000917D0 /* SceneDelegate.swift */,
				1452086F25C40C91000917D0 /* Main.storyboard */,
				1452087225C40CA0000917D0 /* Assets.xcassets */,
				1452087425C40CA0000917D0 /* LaunchScreen.storyboard */,
				1452087725C40CA0000917D0 /* Info.plist */,
				145208AA25C41F49000917D0 /* LoginFormController.swift */,
			);
			path = ui_iOSapp;
			sourceTree = "<group>";
		};
		1452087F25C40CA0000917D0 /* ui_iOSappTests */ = {
			isa = PBXGroup;
			children = (
				1452088025C40CA0000917D0 /* ui_iOSappTests.swift */,
				1452088225C40CA0000917D0 /* Info.plist */,
			);
			path = ui_iOSappTests;
			sourceTree = "<group>";
		};
		1452088A25C40CA0000917D0 /* ui_iOSappUITests */ = {
			isa = PBXGroup;
			children = (
				1452088B25C40CA0000917D0 /* ui_iOSappUITests.swift */,
				1452088D25C40CA0000917D0 /* Info.plist */,
			);
			path = ui_iOSappUITests;
			sourceTree = "<group>";
		};
/* End PBXGroup section */

/* Begin PBXNativeTarget section */
		1452086525C40C91000917D0 /* ui_iOSapp */ = {
			isa = PBXNativeTarget;
			buildConfigurationList = 1452089025C40CA0000917D0 /* Build configuration list for PBXNativeTarget "ui_iOSapp" */;
			buildPhases = (
				1452086225C40C91000917D0 /* Sources */,
				1452086325C40C91000917D0 /* Frameworks */,
				1452086425C40C91000917D0 /* Resources */,
			);
			buildRules = (
			);
			dependencies = (
			);
			name = ui_iOSapp;
			productName = ui_iOSapp;
			productReference = 1452086625C40C91000917D0 /* ui_iOSapp.app */;
			productType = "com.apple.product-type.application";
		};
		1452087B25C40CA0000917D0 /* ui_iOSappTests */ = {
			isa = PBXNativeTarget;
			buildConfigurationList = 1452089325C40CA0000917D0 /* Build configuration list for PBXNativeTarget "ui_iOSappTests" */;
			buildPhases = (
				1452087825C40CA0000917D0 /* Sources */,
				1452087925C40CA0000917D0 /* Frameworks */,
				1452087A25C40CA0000917D0 /* Resources */,
			);
			buildRules = (
			);
			dependencies = (
				1452087E25C40CA0000917D0 /* PBXTargetDependency */,
			);
			name = ui_iOSappTests;
			productName = ui_iOSappTests;
			productReference = 1452087C25C40CA0000917D0 /* ui_iOSappTests.xctest */;
			productType = "com.apple.product-type.bundle.unit-test";
		};
		1452088625C40CA0000917D0 /* ui_iOSappUITests */ = {
			isa = PBXNativeTarget;
			buildConfigurationList = 1452089625C40CA0000917D0 /* Build configuration list for PBXNativeTarget "ui_iOSappUITests" */;
			buildPhases = (
				1452088325C40CA0000917D0 /* Sources */,
				1452088425C40CA0000917D0 /* Frameworks */,
				1452088525C40CA0000917D0 /* Resources */,
			);
			buildRules = (
			);
			dependencies = (
				1452088925C40CA0000917D0 /* PBXTargetDependency */,
			);
			name = ui_iOSappUITests;
			productName = ui_iOSappUITests;
			productReference = 1452088725C40CA0000917D0 /* ui_iOSappUITests.xctest */;
			productType = "com.apple.product-type.bundle.ui-testing";
		};
/* End PBXNativeTarget section */

/* Begin PBXProject section */
		1452085E25C40C91000917D0 /* Project object */ = {
			isa = PBXProject;
			attributes = {
				LastSwiftUpdateCheck = 1230;
				LastUpgradeCheck = 1230;
				TargetAttributes = {
					1452086525C40C91000917D0 = {
						CreatedOnToolsVersion = 12.3;
					};
					1452087B25C40CA0000917D0 = {
						CreatedOnToolsVersion = 12.3;
						TestTargetID = 1452086525C40C91000917D0;
					};
					1452088625C40CA0000917D0 = {
						CreatedOnToolsVersion = 12.3;
						TestTargetID = 1452086525C40C91000917D0;
					};
				};
			};
			buildConfigurationList = 1452086125C40C91000917D0 /* Build configuration list for PBXProject "ui_iOSapp" */;
			compatibilityVersion = "Xcode 9.3";
			developmentRegion = en;
			hasScannedForEncodings = 0;
			knownRegions = (
				en,
				Base,
			);
			mainGroup = 1452085D25C40C91000917D0;
			productRefGroup = 1452086725C40C91000917D0 /* Products */;
			projectDirPath = "";
			projectRoot = "";
			targets = (
				1452086525C40C91000917D0 /* ui_iOSapp */,
				1452087B25C40CA0000917D0 /* ui_iOSappTests */,
				1452088625C40CA0000917D0 /* ui_iOSappUITests */,
			);
		};
/* End PBXProject section */

/* Begin PBXResourcesBuildPhase section */
		1452086425C40C91000917D0 /* Resources */ = {
			isa = PBXResourcesBuildPhase;
			buildActionMask = 2147483647;
			files = (
				1452087625C40CA0000917D0 /* LaunchScreen.storyboard in Resources */,
				1452087325C40CA0000917D0 /* Assets.xcassets in Resources */,
				1452087125C40C91000917D0 /* Main.storyboard in Resources */,
			);
			runOnlyForDeploymentPostprocessing = 0;
		};
		1452087A25C40CA0000917D0 /* Resources */ = {
			isa = PBXResourcesBuildPhase;
			buildActionMask = 2147483647;
			files = (
			);
			runOnlyForDeploymentPostprocessing = 0;
		};
		1452088525C40CA0000917D0 /* Resources */ = {
			isa = PBXResourcesBuildPhase;
			buildActionMask = 2147483647;
			files = (
			);
			runOnlyForDeploymentPostprocessing = 0;
		};
/* End PBXResourcesBuildPhase section */

/* Begin PBXSourcesBuildPhase section */
		1452086225C40C91000917D0 /* Sources */ = {
			isa = PBXSourcesBuildPhase;
			buildActionMask = 2147483647;
			files = (
				145208AB25C41F49000917D0 /* LoginFormController.swift in Sources */,
				1452086A25C40C91000917D0 /* AppDelegate.swift in Sources */,
				1452086C25C40C91000917D0 /* SceneDelegate.swift in Sources */,
			);
			runOnlyForDeploymentPostprocessing = 0;
		};
		1452087825C40CA0000917D0 /* Sources */ = {
			isa = PBXSourcesBuildPhase;
			buildActionMask = 2147483647;
			files = (
				1452088125C40CA0000917D0 /* ui_iOSappTests.swift in Sources */,
			);
			runOnlyForDeploymentPostprocessing = 0;
		};
		1452088325C40CA0000917D0 /* Sources */ = {
			isa = PBXSourcesBuildPhase;
			buildActionMask = 2147483647;
			files = (
				1452088C25C40CA0000917D0 /* ui_iOSappUITests.swift in Sources */,
			);
			runOnlyForDeploymentPostprocessing = 0;
		};
/* End PBXSourcesBuildPhase section */

/* Begin PBXTargetDependency section */
		1452087E25C40CA0000917D0 /* PBXTargetDependency */ = {
			isa = PBXTargetDependency;
			target = 1452086525C40C91000917D0 /* ui_iOSapp */;
			targetProxy = 1452087D25C40CA0000917D0 /* PBXContainerItemProxy */;
		};
		1452088925C40CA0000917D0 /* PBXTargetDependency */ = {
			isa = PBXTargetDependency;
			target = 1452086525C40C91000917D0 /* ui_iOSapp */;
			targetProxy = 1452088825C40CA0000917D0 /* PBXContainerItemProxy */;
		};
/* End PBXTargetDependency section */

/* Begin PBXVariantGroup section */
		1452086F25C40C91000917D0 /* Main.storyboard */ = {
			isa = PBXVariantGroup;
			children = (
				1452087025C40C91000917D0 /* Base */,
			);
			name = Main.storyboard;
			sourceTree = "<group>";
		};
		1452087425C40CA0000917D0 /* LaunchScreen.storyboard */ = {
			isa = PBXVariantGroup;
			children = (
				1452087525C40CA0000917D0 /* Base */,
			);
			name = LaunchScreen.storyboard;
			sourceTree = "<group>";
		};
/* End PBXVariantGroup section */

/* Begin XCBuildConfiguration section */
		1452088E25C40CA0000917D0 /* Debug */ = {
			isa = XCBuildConfiguration;
			buildSettings = {
				ALWAYS_SEARCH_USER_PATHS = NO;
				CLANG_ANALYZER_NONNULL = YES;
				CLANG_ANALYZER_NUMBER_OBJECT_CONVERSION = YES_AGGRESSIVE;
				CLANG_CXX_LANGUAGE_STANDARD = "gnu++14";
				CLANG_CXX_LIBRARY = "libc++";
				CLANG_ENABLE_MODULES = YES;
				CLANG_ENABLE_OBJC_ARC = YES;
				CLANG_ENABLE_OBJC_WEAK = YES;
				CLANG_WARN_BLOCK_CAPTURE_AUTORELEASING = YES;
				CLANG_WARN_BOOL_CONVERSION = YES;
				CLANG_WARN_COMMA = YES;
				CLANG_WARN_CONSTANT_CONVERSION = YES;
				CLANG_WARN_DEPRECATED_OBJC_IMPLEMENTATIONS = YES;
				CLANG_WARN_DIRECT_OBJC_ISA_USAGE = YES_ERROR;
				CLANG_WARN_DOCUMENTATION_COMMENTS = YES;
				CLANG_WARN_EMPTY_BODY = YES;
				CLANG_WARN_ENUM_CONVERSION = YES;
				CLANG_WARN_INFINITE_RECURSION = YES;
				CLANG_WARN_INT_CONVERSION = YES;
				CLANG_WARN_NON_LITERAL_NULL_CONVERSION = YES;
				CLANG_WARN_OBJC_IMPLICIT_RETAIN_SELF = YES;
				CLANG_WARN_OBJC_LITERAL_CONVERSION = YES;
				CLANG_WARN_OBJC_ROOT_CLASS = YES_ERROR;
				CLANG_WARN_QUOTED_INCLUDE_IN_FRAMEWORK_HEADER = YES;
				CLANG_WARN_RANGE_LOOP_ANALYSIS = YES;
				CLANG_WARN_STRICT_PROTOTYPES = YES;
				CLANG_WARN_SUSPICIOUS_MOVE = YES;
				CLANG_WARN_UNGUARDED_AVAILABILITY = YES_AGGRESSIVE;
				CLANG_WARN_UNREACHABLE_CODE = YES;
				CLANG_WARN__DUPLICATE_METHOD_MATCH = YES;
				COPY_PHASE_STRIP = NO;
				DEBUG_INFORMATION_FORMAT = dwarf;
				ENABLE_STRICT_OBJC_MSGSEND = YES;
				ENABLE_TESTABILITY = YES;
				GCC_C_LANGUAGE_STANDARD = gnu11;
				GCC_DYNAMIC_NO_PIC = NO;
				GCC_NO_COMMON_BLOCKS = YES;
				GCC_OPTIMIZATION_LEVEL = 0;
				GCC_PREPROCESSOR_DEFINITIONS = (
					"DEBUG=1",
					"$(inherited)",
				);
				GCC_WARN_64_TO_32_BIT_CONVERSION = YES;
				GCC_WARN_ABOUT_RETURN_TYPE = YES_ERROR;
				GCC_WARN_UNDECLARED_SELECTOR = YES;
				GCC_WARN_UNINITIALIZED_AUTOS = YES_AGGRESSIVE;
				GCC_WARN_UNUSED_FUNCTION = YES;
				GCC_WARN_UNUSED_VARIABLE = YES;
				IPHONEOS_DEPLOYMENT_TARGET = 14.3;
				MTL_ENABLE_DEBUG_INFO = INCLUDE_SOURCE;
				MTL_FAST_MATH = YES;
				ONLY_ACTIVE_ARCH = YES;
				SDKROOT = iphoneos;
				SWIFT_ACTIVE_COMPILATION_CONDITIONS = DEBUG;
				SWIFT_OPTIMIZATION_LEVEL = "-Onone";
			};
			name = Debug;
		};
		1452088F25C40CA0000917D0 /* Release */ = {
			isa = XCBuildConfiguration;
			buildSettings = {
				ALWAYS_SEARCH_USER_PATHS = NO;
				CLANG_ANALYZER_NONNULL = YES;
				CLANG_ANALYZER_NUMBER_OBJECT_CONVERSION = YES_AGGRESSIVE;
				CLANG_CXX_LANGUAGE_STANDARD = "gnu++14";
				CLANG_CXX_LIBRARY = "libc++";
				CLANG_ENABLE_MODULES = YES;
				CLANG_ENABLE_OBJC_ARC = YES;
				CLANG_ENABLE_OBJC_WEAK = YES;
				CLANG_WARN_BLOCK_CAPTURE_AUTORELEASING = YES;
				CLANG_WARN_BOOL_CONVERSION = YES;
				CLANG_WARN_COMMA = YES;
				CLANG_WARN_CONSTANT_CONVERSION = YES;
				CLANG_WARN_DEPRECATED_OBJC_IMPLEMENTATIONS = YES;
				CLANG_WARN_DIRECT_OBJC_ISA_USAGE = YES_ERROR;
				CLANG_WARN_DOCUMENTATION_COMMENTS = YES;
				CLANG_WARN_EMPTY_BODY = YES;
				CLANG_WARN_ENUM_CONVERSION = YES;
				CLANG_WARN_INFINITE_RECURSION = YES;
				CLANG_WARN_INT_CONVERSION = YES;
				CLANG_WARN_NON_LITERAL_NULL_CONVERSION = YES;
				CLANG_WARN_OBJC_IMPLICIT_RETAIN_SELF = YES;
				CLANG_WARN_OBJC_LITERAL_CONVERSION = YES;
				CLANG_WARN_OBJC_ROOT_CLASS = YES_ERROR;
				CLANG_WARN_QUOTED_INCLUDE_IN_FRAMEWORK_HEADER = YES;
				CLANG_WARN_RANGE_LOOP_ANALYSIS = YES;
				CLANG_WARN_STRICT_PROTOTYPES = YES;
				CLANG_WARN_SUSPICIOUS_MOVE = YES;
				CLANG_WARN_UNGUARDED_AVAILABILITY = YES_AGGRESSIVE;
				CLANG_WARN_UNREACHABLE_CODE = YES;
				CLANG_WARN__DUPLICATE_METHOD_MATCH = YES;
				COPY_PHASE_STRIP = NO;
				DEBUG_INFORMATION_FORMAT = "dwarf-with-dsym";
				ENABLE_NS_ASSERTIONS = NO;
				ENABLE_STRICT_OBJC_MSGSEND = YES;
				GCC_C_LANGUAGE_STANDARD = gnu11;
				GCC_NO_COMMON_BLOCKS = YES;
				GCC_WARN_64_TO_32_BIT_CONVERSION = YES;
				GCC_WARN_ABOUT_RETURN_TYPE = YES_ERROR;
				GCC_WARN_UNDECLARED_SELECTOR = YES;
				GCC_WARN_UNINITIALIZED_AUTOS = YES_AGGRESSIVE;
				GCC_WARN_UNUSED_FUNCTION = YES;
				GCC_WARN_UNUSED_VARIABLE = YES;
				IPHONEOS_DEPLOYMENT_TARGET = 14.3;
				MTL_ENABLE_DEBUG_INFO = NO;
				MTL_FAST_MATH = YES;
				SDKROOT = iphoneos;
				SWIFT_COMPILATION_MODE = wholemodule;
				SWIFT_OPTIMIZATION_LEVEL = "-O";
				VALIDATE_PRODUCT = YES;
			};
			name = Release;
		};
		1452089125C40CA0000917D0 /* Debug */ = {
			isa = XCBuildConfiguration;
			buildSettings = {
				ASSETCATALOG_COMPILER_APPICON_NAME = AppIcon;
				ASSETCATALOG_COMPILER_GLOBAL_ACCENT_COLOR_NAME = AccentColor;
				CODE_SIGN_STYLE = Automatic;
				DEVELOPMENT_TEAM = DH64PJSGU5;
				INFOPLIST_FILE = ui_iOSapp/Info.plist;
				LD_RUNPATH_SEARCH_PATHS = (
					"$(inherited)",
					"@executable_path/Frameworks",
				);
				PRODUCT_BUNDLE_IDENTIFIER = "denisburdin.ui-iOSapp";
				PRODUCT_NAME = "$(TARGET_NAME)";
				SWIFT_VERSION = 5.0;
				TARGETED_DEVICE_FAMILY = "1,2";
			};
			name = Debug;
		};
		1452089225C40CA0000917D0 /* Release */ = {
			isa = XCBuildConfiguration;
			buildSettings = {
				ASSETCATALOG_COMPILER_APPICON_NAME = AppIcon;
				ASSETCATALOG_COMPILER_GLOBAL_ACCENT_COLOR_NAME = AccentColor;
				CODE_SIGN_STYLE = Automatic;
				DEVELOPMENT_TEAM = DH64PJSGU5;
				INFOPLIST_FILE = ui_iOSapp/Info.plist;
				LD_RUNPATH_SEARCH_PATHS = (
					"$(inherited)",
					"@executable_path/Frameworks",
				);
				PRODUCT_BUNDLE_IDENTIFIER = "denisburdin.ui-iOSapp";
				PRODUCT_NAME = "$(TARGET_NAME)";
				SWIFT_VERSION = 5.0;
				TARGETED_DEVICE_FAMILY = "1,2";
			};
			name = Release;
		};
		1452089425C40CA0000917D0 /* Debug */ = {
			isa = XCBuildConfiguration;
			buildSettings = {
				ALWAYS_EMBED_SWIFT_STANDARD_LIBRARIES = YES;
				BUNDLE_LOADER = "$(TEST_HOST)";
				CODE_SIGN_STYLE = Automatic;
				DEVELOPMENT_TEAM = DH64PJSGU5;
				INFOPLIST_FILE = ui_iOSappTests/Info.plist;
				IPHONEOS_DEPLOYMENT_TARGET = 14.3;
				LD_RUNPATH_SEARCH_PATHS = (
					"$(inherited)",
					"@executable_path/Frameworks",
					"@loader_path/Frameworks",
				);
				PRODUCT_BUNDLE_IDENTIFIER = "denisburdin.ui-iOSappTests";
				PRODUCT_NAME = "$(TARGET_NAME)";
				SWIFT_VERSION = 5.0;
				TARGETED_DEVICE_FAMILY = "1,2";
				TEST_HOST = "$(BUILT_PRODUCTS_DIR)/ui_iOSapp.app/ui_iOSapp";
			};
			name = Debug;
		};
		1452089525C40CA0000917D0 /* Release */ = {
			isa = XCBuildConfiguration;
			buildSettings = {
				ALWAYS_EMBED_SWIFT_STANDARD_LIBRARIES = YES;
				BUNDLE_LOADER = "$(TEST_HOST)";
				CODE_SIGN_STYLE = Automatic;
				DEVELOPMENT_TEAM = DH64PJSGU5;
				INFOPLIST_FILE = ui_iOSappTests/Info.plist;
				IPHONEOS_DEPLOYMENT_TARGET = 14.3;
				LD_RUNPATH_SEARCH_PATHS = (
					"$(inherited)",
					"@executable_path/Frameworks",
					"@loader_path/Frameworks",
				);
				PRODUCT_BUNDLE_IDENTIFIER = "denisburdin.ui-iOSappTests";
				PRODUCT_NAME = "$(TARGET_NAME)";
				SWIFT_VERSION = 5.0;
				TARGETED_DEVICE_FAMILY = "1,2";
				TEST_HOST = "$(BUILT_PRODUCTS_DIR)/ui_iOSapp.app/ui_iOSapp";
			};
			name = Release;
		};
		1452089725C40CA0000917D0 /* Debug */ = {
			isa = XCBuildConfiguration;
			buildSettings = {
				ALWAYS_EMBED_SWIFT_STANDARD_LIBRARIES = YES;
				CODE_SIGN_STYLE = Automatic;
				DEVELOPMENT_TEAM = DH64PJSGU5;
				INFOPLIST_FILE = ui_iOSappUITests/Info.plist;
				LD_RUNPATH_SEARCH_PATHS = (
					"$(inherited)",
					"@executable_path/Frameworks",
					"@loader_path/Frameworks",
				);
				PRODUCT_BUNDLE_IDENTIFIER = "denisburdin.ui-iOSappUITests";
				PRODUCT_NAME = "$(TARGET_NAME)";
				SWIFT_VERSION = 5.0;
				TARGETED_DEVICE_FAMILY = "1,2";
				TEST_TARGET_NAME = ui_iOSapp;
			};
			name = Debug;
		};
		1452089825C40CA0000917D0 /* Release */ = {
			isa = XCBuildConfiguration;
			buildSettings = {
				ALWAYS_EMBED_SWIFT_STANDARD_LIBRARIES = YES;
				CODE_SIGN_STYLE = Automatic;
				DEVELOPMENT_TEAM = DH64PJSGU5;
				INFOPLIST_FILE = ui_iOSappUITests/Info.plist;
				LD_RUNPATH_SEARCH_PATHS = (
					"$(inherited)",
					"@executable_path/Frameworks",
					"@loader_path/Frameworks",
				);
				PRODUCT_BUNDLE_IDENTIFIER = "denisburdin.ui-iOSappUITests";
				PRODUCT_NAME = "$(TARGET_NAME)";
				SWIFT_VERSION = 5.0;
				TARGETED_DEVICE_FAMILY = "1,2";
				TEST_TARGET_NAME = ui_iOSapp;
			};
			name = Release;
		};
/* End XCBuildConfiguration section */

/* Begin XCConfigurationList section */
		1452086125C40C91000917D0 /* Build configuration list for PBXProject "ui_iOSapp" */ = {
			isa = XCConfigurationList;
			buildConfigurations = (
				1452088E25C40CA0000917D0 /* Debug */,
				1452088F25C40CA0000917D0 /* Release */,
			);
			defaultConfigurationIsVisible = 0;
			defaultConfigurationName = Release;
		};
		1452089025C40CA0000917D0 /* Build configuration list for PBXNativeTarget "ui_iOSapp" */ = {
			isa = XCConfigurationList;
			buildConfigurations = (
				1452089125C40CA0000917D0 /* Debug */,
				1452089225C40CA0000917D0 /* Release */,
			);
			defaultConfigurationIsVisible = 0;
			defaultConfigurationName = Release;
		};
		1452089325C40CA0000917D0 /* Build configuration list for PBXNativeTarget "ui_iOSappTests" */ = {
			isa = XCConfigurationList;
			buildConfigurations = (
				1452089425C40CA0000917D0 /* Debug */,
				1452089525C40CA0000917D0 /* Release */,
			);
			defaultConfigurationIsVisible = 0;
			defaultConfigurationName = Release;
		};
		1452089625C40CA0000917D0 /* Build configuration list for PBXNativeTarget "ui_iOSappUITests" */ = {
			isa = XCConfigurationList;
			buildConfigurations = (
				1452089725C40CA0000917D0 /* Debug */,
				1452089825C40CA0000917D0 /* Release */,
			);
			defaultConfigurationIsVisible = 0;
			defaultConfigurationName = Release;
		};
/* End XCConfigurationList section */
	};
	rootObject = 1452085E25C40C91000917D0 /* Project object */;
}
